
Microsoft Visual Studio Solution File, Format Version 12.00
# Visual Studio Version 17
VisualStudioVersion = 17.5.33502.453
MinimumVisualStudioVersion = 10.0.40219.1
Project("{FAE04EC0-301F-11D3-BF4B-00C04F79EFBC}") = "PracticeProblems", "PracticeProblems.csproj", "{81F6E25A-6C3C-4A41-8922-F6519442ABB5}"
EndProject
Project("{FAE04EC0-301F-11D3-BF4B-00C04F79EFBC}") = "ProblemTests", "..\ProblemTests\ProblemTests.csproj", "{77E5BA6A-C457-4B42-9CC7-37A34ACA00D6}"
	ProjectSection(ProjectDependencies) = postProject
		{81F6E25A-6C3C-4A41-8922-F6519442ABB5} = {81F6E25A-6C3C-4A41-8922-F6519442ABB5}
	EndProjectSection
EndProject
Global
	GlobalSection(SolutionConfigurationPlatforms) = preSolution
		Debug|Any CPU = Debug|Any CPU
		Release|Any CPU = Release|Any CPU
	EndGlobalSection
	GlobalSection(ProjectConfigurationPlatforms) = postSolution
		{81F6E25A-6C3C-4A41-8922-F6519442ABB5}.Debug|Any CPU.ActiveCfg = Debug|Any CPU
		{81F6E25A-6C3C-4A41-8922-F6519442ABB5}.Debug|Any CPU.Build.0 = Debug|Any CPU
		{81F6E25A-6C3C-4A41-8922-F6519442ABB5}.Release|Any CPU.ActiveCfg = Release|Any CPU
		{81F6E25A-6C3C-4A41-8922-F6519442ABB5}.Release|Any CPU.Build.0 = Release|Any CPU
		{77E5BA6A-C457-4B42-9CC7-37A34ACA00D6}.Debug|Any CPU.ActiveCfg = Debug|Any CPU
		{77E5BA6A-C457-4B42-9CC7-37A34ACA00D6}.Debug|Any CPU.Build.0 = Debug|Any CPU
		{77E5BA6A-C457-4B42-9CC7-37A34ACA00D6}.Release|Any CPU.ActiveCfg = Release|Any CPU
		{77E5BA6A-C457-4B42-9CC7-37A34ACA00D6}.Release|Any CPU.Build.0 = Release|Any CPU
	EndGlobalSection
	GlobalSection(SolutionProperties) = preSolution
		HideSolutionNode = FALSE
	EndGlobalSection
	GlobalSection(ExtensibilityGlobals) = postSolution
		SolutionGuid = {DE748E2D-C65D-44FF-8EF8-D06EA5ADE7ED}
	EndGlobalSection
EndGlobal
